{
  "nodes": {
    "flake-utils": {
      "inputs": {
        "systems": "systems"
      },
      "locked": {
        "lastModified": 1731533236,
        "narHash": "sha256-l0KFg5HjrsfsO/JpG+r7fRrqm12kzFHyUHqHCVpMMbI=",
        "owner": "numtide",
        "repo": "flake-utils",
        "rev": "11707dc2f618dd54ca8739b309ec4fc024de578b",
        "type": "github"
      },
      "original": {
        "owner": "numtide",
        "repo": "flake-utils",
        "type": "github"
      }
    },
    "freeq": {
      "flake": false,
      "locked": {
        "lastModified": 1785546552,
        "narHash": "sha256-l6zuuC4S0lMAworB/1lsF05+rx+uyHb0gV6qOMBgPbA=",
        "owner": "codegod100",
        "repo": "freeq",
        "rev": "96fab1e7b3dfefb9c03dbac18d49718610e51725",
        "type": "github"
      },
      "original": {
        "owner": "codegod100",
        "repo": "freeq",
        "type": "github"
      }
    },
    "nix2flatpak": {
      "inputs": {
        "flake-utils": "flake-utils",
        "nixpkgs": "nixpkgs"
      },
      "locked": {
        "lastModified": 1774860670,
        "narHash": "sha256-YjJkQrvxrErXtfDi3obUn6rNmkA+CIAZ3f5NgL5xuYE=",
        "owner": "neobrain",
        "repo": "nix2flatpak",
        "rev": "61d68e21e3fbc2d57590051f48736bea271f4aba",
        "type": "github"
      },
      "original": {
        "owner": "neobrain",
        "repo": "nix2flatpak",
        "type": "github"
      }
    },
    "nixpkgs": {
      "locked": {
        "lastModified": 1773389992,
        "narHash": "sha256-wvfdLLWJ2I9oEpDd9PfMA8osfIZicoQ5MT1jIwNs9Tk=",
        "owner": "NixOS",
        "repo": "nixpkgs",
        "rev": "c06b4ae3d6599a672a6210b7021d699c351eebda",
        "type": "github"
      },
      "original": {
        "owner": "NixOS",
        "ref": "nixos-unstable",
        "repo": "nixpkgs",
        "type": "github"
      }
    },
    "nixpkgs_2": {
      "locked": {
        "lastModified": 1785318670,
        "narHash": "sha256-dN6Ou5x/+23FZLEpYP3IffO+NyJFzUlGumt1uu3MMaY=",
        "owner": "NixOS",
        "repo": "nixpkgs",
        "rev": "0954f7ee2f6bb3dc7d4e3d0d8bcb8fd4bde4cfc5",
        "type": "github"
      },
      "original": {
        "owner": "NixOS",
        "ref": "nixos-unstable",
        "repo": "nixpkgs",
        "type": "github"
      }
    },
    "root": {
      "inputs": {
        "freeq": "freeq",
        "nix2flatpak": "nix2flatpak",
        "nixpkgs": "nixpkgs_2",
        "rust-overlay": "rust-overlay",
        "vidya": "vidya"
      }
    },
    "rust-overlay": {
      "inputs": {
        "nixpkgs": [
          "nixpkgs"
        ]
      },
      "locked": {
        "lastModified": 1785302874,
        "narHash": "sha256-fpKEww3TJoo1ANHO2q918ei+ayOrp0YEQAO1DuBLOB4=",
        "owner": "oxalica",
        "repo": "rust-overlay",
        "rev": "b99d48435bc3e34309d2c7ae6f7d45e77a156c38",
        "type": "github"
      },
      "original": {
        "owner": "oxalica",
        "repo": "rust-overlay",
        "type": "github"
      }
    },
    "systems": {
      "locked": {
        "lastModified": 1681028828,
        "narHash": "sha256-Vy1rq5AaRuLzOxct8nz4T6wlgyUR7zLU309k9mBC768=",
        "owner": "nix-systems",
        "repo": "default",
        "rev": "da67096a3b9bf56a91d16901293e51ba5b49a27e",
        "type": "github"
      },
      "original": {
        "owner": "nix-systems",
        "repo": "default",
        "type": "github"
      }
    },
    "vidya": {
      "flake": false,
      "locked": {
        "lastModified": 1785634073,
        "narHash": "sha256-3lRMABykdWy7ZkHWzR7r+KhLq8QABsGY4SNGG/MARpA=",
        "ref": "refs/heads/main",
        "rev": "c50fcb45a22116c48b787230b295db202a1761fc",
        "revCount": 23,
        "type": "git",
        "url": "https://tangled.org/nandi.uk/vidya"
      },
      "original": {
        "type": "git",
        "url": "https://tangled.org/nandi.uk/vidya"
      }
    }
  },
  "root": "root",
  "version": 7
}
