{
  "nodes": {
    "freeq": {
      "flake": false,
      "locked": {
        "lastModified": 1785144955,
        "narHash": "sha256-7vpp+bIwvAamo3EIrLLmaUR39CMa0k+i4rgJ4P5McpE=",
        "owner": "codegod100",
        "repo": "freeq",
        "rev": "1b5bd537ab49f27b40c5d2382e7a9b82d2040b3d",
        "type": "github"
      },
      "original": {
        "owner": "codegod100",
        "repo": "freeq",
        "type": "github"
      }
    },
    "nixpkgs": {
      "locked": {
        "lastModified": 1785318670,
        "narHash": "sha256-dN6Ou5x/+23FZLEpYP3IffO+NyJFzUlGumt1uu3MMaY=",
        "owner": "NixOS",
        "repo": "nixpkgs",
        "rev": "0954f7ee2f6bb3dc7d4e3d0d8bcb8fd4bde4cfc5",
        "type": "github"
      },
      "original": {
        "owner": "NixOS",
        "ref": "nixos-unstable",
        "repo": "nixpkgs",
        "type": "github"
      }
    },
    "root": {
      "inputs": {
        "freeq": "freeq",
        "nixpkgs": "nixpkgs",
        "rust-overlay": "rust-overlay",
        "vidya": "vidya"
      }
    },
    "rust-overlay": {
      "inputs": {
        "nixpkgs": [
          "nixpkgs"
        ]
      },
      "locked": {
        "lastModified": 1785302874,
        "narHash": "sha256-fpKEww3TJoo1ANHO2q918ei+ayOrp0YEQAO1DuBLOB4=",
        "owner": "oxalica",
        "repo": "rust-overlay",
        "rev": "b99d48435bc3e34309d2c7ae6f7d45e77a156c38",
        "type": "github"
      },
      "original": {
        "owner": "oxalica",
        "repo": "rust-overlay",
        "type": "github"
      }
    },
    "vidya": {
      "flake": false,
      "locked": {
        "lastModified": 1785378001,
        "narHash": "sha256-3U0qER6u94u1rzSzQJAfZtuFv4GQZpKvgI6Cjj2qU5w=",
        "ref": "refs/heads/main",
        "rev": "7a62dd3caf5a83d3c8d79e17b130370fe452b384",
        "revCount": 9,
        "type": "git",
        "url": "https://tangled.org/nandi.uk/vidya"
      },
      "original": {
        "type": "git",
        "url": "https://tangled.org/nandi.uk/vidya"
      }
    }
  },
  "root": "root",
  "version": 7
}
